Microsoft Visual Studio Solution File, Format Version 12.00
# Visual Studio Version 17
VisualStudioVersion = 17.5.2.0
MinimumVisualStudioVersion = 10.0.40219.1
Project("{FAE04EC0-301F-11D3-BF4B-00C04F79EFBC}") = "BlogAppAPI", "BlogAppAPI.csproj", "{FBABCBF0-8044-2B2C-2DD7-C9C2792F030B}"
EndProject
Global
	GlobalSection(SolutionConfigurationPlatforms) = preSolution
		Debug|Any CPU = Debug|Any CPU
		Release|Any CPU = Release|Any CPU
	EndGlobalSection
	GlobalSection(ProjectConfigurationPlatforms) = postSolution
		{FBABCBF0-8044-2B2C-2DD7-C9C2792F030B}.Debug|Any CPU.ActiveCfg = Debug|Any CPU
		{FBABCBF0-8044-2B2C-2DD7-C9C2792F030B}.Debug|Any CPU.Build.0 = Debug|Any CPU
		{FBABCBF0-8044-2B2C-2DD7-C9C2792F030B}.Release|Any CPU.ActiveCfg = Release|Any CPU
		{FBABCBF0-8044-2B2C-2DD7-C9C2792F030B}.Release|Any CPU.Build.0 = Release|Any CPU
	EndGlobalSection
	GlobalSection(SolutionProperties) = preSolution
		HideSolutionNode = FALSE
	EndGlobalSection
	GlobalSection(ExtensibilityGlobals) = postSolution
		SolutionGuid = {1B3E8D49-2482-407C-8B2C-693A89DBA23D}
	EndGlobalSection
EndGlobal
